// !$*UTF8*$!
{
	archiveVersion = 1;
	classes = {
	};
	objectVersion = 56;
	objects = {

/* Begin PBXBuildFile section */
		1D3623260D0F684500981E51 /* AppDelegate.swift in Sources */ = {isa = PBXBuildFile; fileRef = 1D3623250D0F684500981E51 /* AppDelegate.swift */; };
		1D3623280D0F684500981E51 /* SceneDelegate.swift in Sources */ = {isa = PBXBuildFile; fileRef = 1D3623270D0F684500981E51 /* SceneDelegate.swift */; };
		1D36232A0D0F684500981E51 /* ViewController.swift in Sources */ = {isa = PBXBuildFile; fileRef = 1D3623290D0F684500981E51 /* ViewController.swift */; };
		1D36232D0D0F684500981E51 /* Main.storyboard in Resources */ = {isa = PBXBuildFile; fileRef = 1D36232B0D0F684500981E51 /* Main.storyboard */; };
		1D36232F0D0F684500981E51 /* Assets.xcassets in Resources */ = {isa = PBXBuildFile; fileRef = 1D36232E0D0F684500981E51 /* Assets.xcassets */; };
		1D3623320D0F684500981E51 /* LaunchScreen.storyboard in Resources */ = {isa = PBXBuildFile; fileRef = 1D3623300D0F684500981E51 /* LaunchScreen.storyboard */; };
		2A0123450D0F685500981E51 /* ExchangeRateService.swift in Sources */ = {isa = PBXBuildFile; fileRef = 2A0123440D0F685500981E51 /* ExchangeRateService.swift */; };
		2A0123470D0F685500981E51 /* CurrencyModel.swift in Sources */ = {isa = PBXBuildFile; fileRef = 2A0123460D0F685500981E51 /* CurrencyModel.swift */; };
		2A0123490D0F685500981E51 /* PurchaseService.swift in Sources */ = {isa = PBXBuildFile; fileRef = 2A0123480D0F685500981E51 /* PurchaseService.swift */; };
		2A01234B0D0F685500981E51 /* BankAccountModel.swift in Sources */ = {isa = PBXBuildFile; fileRef = 2A01234A0D0F685500981E51 /* BankAccountModel.swift */; };
		3B0123450D0F686500981E51 /* ExchangeRatesViewController.swift in Sources */ = {isa = PBXBuildFile; fileRef = 3B0123440D0F686500981E51 /* ExchangeRatesViewController.swift */; };
		3B0123470D0F686500981E51 /* ExchangeRateTableViewCell.swift in Sources */ = {isa = PBXBuildFile; fileRef = 3B0123460D0F686500981E51 /* ExchangeRateTableViewCell.swift */; };
		3B0123490D0F686500981E51 /* OandaWebScraper.swift in Sources */ = {isa = PBXBuildFile; fileRef = 3B0123480D0F686500981E51 /* OandaWebScraper.swift */; };
/* End PBXBuildFile section */

/* Begin PBXFileReference section */
		1D3623220D0F684500981E51 /* CurrencyExchange.app */ = {isa = PBXFileReference; explicitFileType = wrapper.application; includeInIndex = 0; path = CurrencyExchange.app; sourceTree = BUILT_PRODUCTS_DIR; };
		1D3623250D0F684500981E51 /* AppDelegate.swift */ = {isa = PBXFileReference; lastKnownFileType = sourcecode.swift; path = AppDelegate.swift; sourceTree = "<group>"; };
		1D3623270D0F684500981E51 /* SceneDelegate.swift */ = {isa = PBXFileReference; lastKnownFileType = sourcecode.swift; path = SceneDelegate.swift; sourceTree = "<group>"; };
		1D3623290D0F684500981E51 /* ViewController.swift */ = {isa = PBXFileReference; lastKnownFileType = sourcecode.swift; path = ViewController.swift; sourceTree = "<group>"; };
		1D36232C0D0F684500981E51 /* Base */ = {isa = PBXFileReference; lastKnownFileType = file.storyboard; name = Base; path = Base.lproj/Main.storyboard; sourceTree = "<group>"; };
		1D36232E0D0F684500981E51 /* Assets.xcassets */ = {isa = PBXFileReference; lastKnownFileType = folder.assetcatalog; path = Assets.xcassets; sourceTree = "<group>"; };
		1D3623310D0F684500981E51 /* Base */ = {isa = PBXFileReference; lastKnownFileType = file.storyboard; name = Base; path = Base.lproj/LaunchScreen.storyboard; sourceTree = "<group>"; };
		1D3623330D0F684500981E51 /* Info.plist */ = {isa = PBXFileReference; lastKnownFileType = text.plist.xml; path = Info.plist; sourceTree = "<group>"; };
		2A0123440D0F685500981E51 /* ExchangeRateService.swift */ = {isa = PBXFileReference; lastKnownFileType = sourcecode.swift; path = ExchangeRateService.swift; sourceTree = "<group>"; };
		2A0123460D0F685500981E51 /* CurrencyModel.swift */ = {isa = PBXFileReference; lastKnownFileType = sourcecode.swift; path = CurrencyModel.swift; sourceTree = "<group>"; };
		2A0123480D0F685500981E51 /* PurchaseService.swift */ = {isa = PBXFileReference; lastKnownFileType = sourcecode.swift; path = PurchaseService.swift; sourceTree = "<group>"; };
		2A01234A0D0F685500981E51 /* BankAccountModel.swift */ = {isa = PBXFileReference; lastKnownFileType = sourcecode.swift; path = BankAccountModel.swift; sourceTree = "<group>"; };
		3B0123440D0F686500981E51 /* ExchangeRatesViewController.swift */ = {isa = PBXFileReference; lastKnownFileType = sourcecode.swift; path = ExchangeRatesViewController.swift; sourceTree = "<group>"; };
		3B0123460D0F686500981E51 /* ExchangeRateTableViewCell.swift */ = {isa = PBXFileReference; lastKnownFileType = sourcecode.swift; path = ExchangeRateTableViewCell.swift; sourceTree = "<group>"; };
		3B0123480D0F686500981E51 /* OandaWebScraper.swift */ = {isa = PBXFileReference; lastKnownFileType = sourcecode.swift; path = OandaWebScraper.swift; sourceTree = "<group>"; };
/* End PBXFileReference section */

/* Begin PBXFrameworksBuildPhase section */
		1D36231F0D0F684500981E51 /* Frameworks */ = {
			isa = PBXFrameworksBuildPhase;
			buildActionMask = 2147483647;
			files = (
			);
			runOnlyForDeploymentPostprocessing = 0;
		};
/* End PBXFrameworksBuildPhase section */

/* Begin PBXGroup section */
		1D3623190D0F684500981E51 = {
			isa = PBXGroup;
			children = (
				1D3623240D0F684500981E51 /* CurrencyExchange */,
				1D3623230D0F684500981E51 /* Products */,
			);
			sourceTree = "<group>";
		};
		1D3623230D0F684500981E51 /* Products */ = {
			isa = PBXGroup;
			children = (
				1D3623220D0F684500981E51 /* CurrencyExchange.app */,
			);
			name = Products;
			sourceTree = "<group>";
		};
		1D3623240D0F684500981E51 /* CurrencyExchange */ = {
			isa = PBXGroup;
			children = (
				1D3623250D0F684500981E51 /* AppDelegate.swift */,
				1D3623270D0F684500981E51 /* SceneDelegate.swift */,
				1D3623290D0F684500981E51 /* ViewController.swift */,
				3B0123440D0F686500981E51 /* ExchangeRatesViewController.swift */,
				3B0123460D0F686500981E51 /* ExchangeRateTableViewCell.swift */,
				3B0123480D0F686500981E51 /* OandaWebScraper.swift */,
				2A0123440D0F685500981E51 /* ExchangeRateService.swift */,
				2A0123460D0F685500981E51 /* CurrencyModel.swift */,
				2A0123480D0F685500981E51 /* PurchaseService.swift */,
				2A01234A0D0F685500981E51 /* BankAccountModel.swift */,
				1D36232B0D0F684500981E51 /* Main.storyboard */,
				1D36232E0D0F684500981E51 /* Assets.xcassets */,
				1D3623300D0F684500981E51 /* LaunchScreen.storyboard */,
				1D3623330D0F684500981E51 /* Info.plist */,
			);
			path = CurrencyExchange;
			sourceTree = "<group>";
		};
/* End PBXGroup section */

/* Begin PBXNativeTarget section */
		1D3623210D0F684500981E51 /* CurrencyExchange */ = {
			isa = PBXNativeTarget;
			buildConfigurationList = 1D3623360D0F684500981E51 /* Build configuration list for PBXNativeTarget "CurrencyExchange" */;
			buildPhases = (
				1D36231E0D0F684500981E51 /* Sources */,
				1D36231F0D0F684500981E51 /* Frameworks */,
				1D3623200D0F684500981E51 /* Resources */,
			);
			buildRules = (
			);
			dependencies = (
			);
			name = CurrencyExchange;
			productName = CurrencyExchange;
			productReference = 1D3623220D0F684500981E51 /* CurrencyExchange.app */;
			productType = "com.apple.product-type.application";
		};
/* End PBXNativeTarget section */

/* Begin PBXProject section */
		1D36231A0D0F684500981E51 /* Project object */ = {
			isa = PBXProject;
			attributes = {
				BuildIndependentTargetsInParallel = 1;
				LastSwiftUpdateCheck = 1500;
				LastUpgradeCheck = 1500;
				TargetAttributes = {
					1D3623210D0F684500981E51 = {
						CreatedOnToolsVersion = 15.0;
					};
				};
			};
			buildConfigurationList = 1D36231D0D0F684500981E51 /* Build configuration list for PBXProject "CurrencyExchange" */;
			compatibilityVersion = "Xcode 14.0";
			developmentRegion = en;
			hasScannedForEncodings = 0;
			knownRegions = (
				en,
				Base,
			);
			mainGroup = 1D3623190D0F684500981E51;
			productRefGroup = 1D3623230D0F684500981E51 /* Products */;
			projectDirPath = "";
			projectRoot = "";
			targets = (
				1D3623210D0F684500981E51 /* CurrencyExchange */,
			);
		};
/* End PBXProject section */

/* Begin PBXResourcesBuildPhase section */
		1D3623200D0F684500981E51 /* Resources */ = {
			isa = PBXResourcesBuildPhase;
			buildActionMask = 2147483647;
			files = (
				1D3623320D0F684500981E51 /* LaunchScreen.storyboard in Resources */,
				1D36232F0D0F684500981E51 /* Assets.xcassets in Resources */,
				1D36232D0D0F684500981E51 /* Main.storyboard in Resources */,
			);
			runOnlyForDeploymentPostprocessing = 0;
		};
/* End PBXResourcesBuildPhase section */

/* Begin PBXSourcesBuildPhase section */
		1D36231E0D0F684500981E51 /* Sources */ = {
			isa = PBXSourcesBuildPhase;
			buildActionMask = 2147483647;
			files = (
				1D36232A0D0F684500981E51 /* ViewController.swift in Sources */,
				3B0123450D0F686500981E51 /* ExchangeRatesViewController.swift in Sources */,
				3B0123470D0F686500981E51 /* ExchangeRateTableViewCell.swift in Sources */,
				3B0123490D0F686500981E51 /* OandaWebScraper.swift in Sources */,
				2A0123450D0F685500981E51 /* ExchangeRateService.swift in Sources */,
				2A0123470D0F685500981E51 /* CurrencyModel.swift in Sources */,
				2A0123490D0F685500981E51 /* PurchaseService.swift in Sources */,
				2A01234B0D0F685500981E51 /* BankAccountModel.swift in Sources */,
				1D3623260D0F684500981E51 /* AppDelegate.swift in Sources */,
				1D3623280D0F684500981E51 /* SceneDelegate.swift in Sources */,
			);
			runOnlyForDeploymentPostprocessing = 0;
		};
/* End PBXSourcesBuildPhase section */

/* Begin PBXVariantGroup section */
		1D36232B0D0F684500981E51 /* Main.storyboard */ = {
			isa = PBXVariantGroup;
			children = (
				1D36232C0D0F684500981E51 /* Base */,
			);
			name = Main.storyboard;
			sourceTree = "<group>";
		};
		1D3623300D0F684500981E51 /* LaunchScreen.storyboard */ = {
			isa = PBXVariantGroup;
			children = (
				1D3623310D0F684500981E51 /* Base */,
			);
			name = LaunchScreen.storyboard;
			sourceTree = "<group>";
		};
/* End PBXVariantGroup section */

/* Begin XCBuildConfiguration section */
		1D3623340D0F684500981E51 /* Debug */ = {
			isa = XCBuildConfiguration;
			buildSettings = {
				ALWAYS_SEARCH_USER_PATHS = NO;
				ASSETCATALOG_COMPILER_GENERATE_SWIFT_ASSET_SYMBOL_EXTENSIONS = YES;
				CLANG_ANALYZER_NONNULL = YES;
				CLANG_ANALYZER_NUMBER_OBJECT_CONVERSION = YES_AGGRESSIVE;
				CLANG_CXX_LANGUAGE_STANDARD = "gnu++20";
				CLANG_ENABLE_MODULES = YES;
				CLANG_ENABLE_OBJC_ARC = YES;
				CLANG_ENABLE_OBJC_WEAK = YES;
				CLANG_WARN_BLOCK_CAPTURE_AUTORELEASING = YES;
				CLANG_WARN_BOOL_CONVERSION = YES;
				CLANG_WARN_COMMA = YES;
				CLANG_WARN_CONSTANT_CONVERSION = YES;
				CLANG_WARN_DEPRECATED_OBJC_IMPLEMENTATIONS = YES;
				CLANG_WARN_DIRECT_OBJC_ISA_USAGE = YES_ERROR;
				CLANG_WARN_DOCUMENTATION_COMMENTS = YES;
				CLANG_WARN_EMPTY_BODY = YES;
				CLANG_WARN_ENUM_CONVERSION = YES;
				CLANG_WARN_INFINITE_RECURSION = YES;
				CLANG_WARN_INT_CONVERSION = YES;
				CLANG_WARN_NON_LITERAL_NULL_CONVERSION = YES;
				CLANG_WARN_OBJC_IMPLICIT_RETAIN_SELF = YES;
				CLANG_WARN_OBJC_LITERAL_CONVERSION = YES;
				CLANG_WARN_OBJC_ROOT_CLASS = YES_ERROR;
				CLANG_WARN_QUOTED_INCLUDE_IN_FRAMEWORK_HEADER = YES;
				CLANG_WARN_RANGE_LOOP_ANALYSIS = YES;
				CLANG_WARN_STRICT_PROTOTYPES = YES;
				CLANG_WARN_SUSPICIOUS_MOVE = YES;
				CLANG_WARN_UNGUARDED_AVAILABILITY = YES_AGGRESSIVE;
				CLANG_WARN_UNREACHABLE_CODE = YES;
				CLANG_WARN__DUPLICATE_METHOD_MATCH = YES;
				COPY_PHASE_STRIP = NO;
				DEBUG_INFORMATION_FORMAT = dwarf;
				ENABLE_STRICT_OBJC_MSGSEND = YES;
				ENABLE_TESTABILITY = YES;
				ENABLE_USER_SCRIPT_SANDBOXING = YES;
				GCC_C_LANGUAGE_STANDARD = gnu17;
				GCC_DYNAMIC_NO_PIC = NO;
				GCC_NO_COMMON_BLOCKS = YES;
				GCC_OPTIMIZATION_LEVEL = 0;
				GCC_PREPROCESSOR_DEFINITIONS = (
					"DEBUG=1",
					"$(inherited)",
				);
				GCC_WARN_64_TO_32_BIT_CONVERSION = YES;
				GCC_WARN_ABOUT_RETURN_TYPE = YES_ERROR;
				GCC_WARN_UNDECLARED_SELECTOR = YES;
				GCC_WARN_UNINITIALIZED_AUTOS = YES_AGGRESSIVE;
				GCC_WARN_UNUSED_FUNCTION = YES;
				GCC_WARN_UNUSED_VARIABLE = YES;
				IPHONEOS_DEPLOYMENT_TARGET = 17.0;
				LOCALIZATION_PREFERS_STRING_CATALOGS = YES;
				MTL_ENABLE_DEBUG_INFO = INCLUDE_SOURCE;
				MTL_FAST_MATH = YES;
				ONLY_ACTIVE_ARCH = YES;
				SDKROOT = iphoneos;
				SWIFT_ACTIVE_COMPILATION_CONDITIONS = "DEBUG $(inherited)";
				SWIFT_OPTIMIZATION_LEVEL = "-Onone";
			};
			name = Debug;
		};
		1D3623350D0F684500981E51 /* Release */ = {
			isa = XCBuildConfiguration;
			buildSettings = {
				ALWAYS_SEARCH_USER_PATHS = NO;
				ASSETCATALOG_COMPILER_GENERATE_SWIFT_ASSET_SYMBOL_EXTENSIONS = YES;
				CLANG_ANALYZER_NONNULL = YES;
				CLANG_ANALYZER_NUMBER_OBJECT_CONVERSION = YES_AGGRESSIVE;
				CLANG_CXX_LANGUAGE_STANDARD = "gnu++20";
				CLANG_ENABLE_MODULES = YES;
				CLANG_ENABLE_OBJC_ARC = YES;
				CLANG_ENABLE_OBJC_WEAK = YES;
				CLANG_WARN_BLOCK_CAPTURE_AUTORELEASING = YES;
				CLANG_WARN_BOOL_CONVERSION = YES;
				CLANG_WARN_COMMA = YES;
				CLANG_WARN_CONSTANT_CONVERSION = YES;
				CLANG_WARN_DEPRECATED_OBJC_IMPLEMENTATIONS = YES;
				CLANG_WARN_DIRECT_OBJC_ISA_USAGE = YES_ERROR;
				CLANG_WARN_DOCUMENTATION_COMMENTS = YES;
				CLANG_WARN_EMPTY_BODY = YES;
				CLANG_WARN_ENUM_CONVERSION = YES;
				CLANG_WARN_INFINITE_RECURSION = YES;
				CLANG_WARN_INT_CONVERSION = YES;
				CLANG_WARN_NON_LITERAL_NULL_CONVERSION = YES;
				CLANG_WARN_OBJC_IMPLICIT_RETAIN_SELF = YES;
				CLANG_WARN_OBJC_LITERAL_CONVERSION = YES;
				CLANG_WARN_OBJC_ROOT_CLASS = YES_ERROR;
				CLANG_WARN_QUOTED_INCLUDE_IN_FRAMEWORK_HEADER = YES;
				CLANG_WARN_RANGE_LOOP_ANALYSIS = YES;
				CLANG_WARN_STRICT_PROTOTYPES = YES;
				CLANG_WARN_SUSPICIOUS_MOVE = YES;
				CLANG_WARN_UNGUARDED_AVAILABILITY = YES_AGGRESSIVE;
				CLANG_WARN_UNREACHABLE_CODE = YES;
				CLANG_WARN__DUPLICATE_METHOD_MATCH = YES;
				COPY_PHASE_STRIP = NO;
				DEBUG_INFORMATION_FORMAT = "dwarf-with-dsym";
				ENABLE_NS_ASSERTIONS = NO;
				ENABLE_STRICT_OBJC_MSGSEND = YES;
				ENABLE_USER_SCRIPT_SANDBOXING = YES;
				GCC_C_LANGUAGE_STANDARD = gnu17;
				GCC_NO_COMMON_BLOCKS = YES;
				GCC_WARN_64_TO_32_BIT_CONVERSION = YES;
				GCC_WARN_ABOUT_RETURN_TYPE = YES_ERROR;
				GCC_WARN_UNDECLARED_SELECTOR = YES;
				GCC_WARN_UNINITIALIZED_AUTOS = YES_AGGRESSIVE;
				GCC_WARN_UNUSED_FUNCTION = YES;
				GCC_WARN_UNUSED_VARIABLE = YES;
				IPHONEOS_DEPLOYMENT_TARGET = 17.0;
				LOCALIZATION_PREFERS_STRING_CATALOGS = YES;
				MTL_ENABLE_DEBUG_INFO = NO;
				MTL_FAST_MATH = YES;
				SDKROOT = iphoneos;
				SWIFT_COMPILATION_MODE = wholemodule;
				VALIDATE_PRODUCT = YES;
			};
			name = Release;
		};
		1D3623370D0F684500981E51 /* Debug */ = {
			isa = XCBuildConfiguration;
			buildSettings = {
				ASSETCATALOG_COMPILER_APPICON_NAME = AppIcon;
				ASSETCATALOG_COMPILER_GLOBAL_ACCENT_COLOR_NAME = AccentColor;
				CODE_SIGN_STYLE = Automatic;
				CURRENT_PROJECT_VERSION = 1;
				GENERATE_INFOPLIST_FILE = YES;
				INFOPLIST_FILE = CurrencyExchange/Info.plist;
				INFOPLIST_KEY_UIApplicationSupportsIndirectInputEvents = YES;
				INFOPLIST_KEY_UILaunchStoryboardName = LaunchScreen;
				INFOPLIST_KEY_UIMainStoryboardFile = Main;
				INFOPLIST_KEY_UISupportedInterfaceOrientations_iPad = "UIInterfaceOrientationPortrait UIInterfaceOrientationPortraitUpsideDown UIInterfaceOrientationLandscapeLeft UIInterfaceOrientationLandscapeRight";
				INFOPLIST_KEY_UISupportedInterfaceOrientations_iPhone = "UIInterfaceOrientationPortrait UIInterfaceOrientationLandscapeLeft UIInterfaceOrientationLandscapeRight";
				LD_RUNPATH_SEARCH_PATHS = (
					"$(inherited)",
					"@executable_path/Frameworks",
				);
				MARKETING_VERSION = 1.0;
				PRODUCT_BUNDLE_IDENTIFIER = com.example.CurrencyExchange;
				PRODUCT_NAME = "$(TARGET_NAME)";
				SWIFT_EMIT_LOC_STRINGS = YES;
				SWIFT_VERSION = 5.0;
				TARGETED_DEVICE_FAMILY = "1,2";
			};
			name = Debug;
		};
		1D3623380D0F684500981E51 /* Release */ = {
			isa = XCBuildConfiguration;
			buildSettings = {
				ASSETCATALOG_COMPILER_APPICON_NAME = AppIcon;
				ASSETCATALOG_COMPILER_GLOBAL_ACCENT_COLOR_NAME = AccentColor;
				CODE_SIGN_STYLE = Automatic;
				CURRENT_PROJECT_VERSION = 1;
				GENERATE_INFOPLIST_FILE = YES;
				INFOPLIST_FILE = CurrencyExchange/Info.plist;
				INFOPLIST_KEY_UIApplicationSupportsIndirectInputEvents = YES;
				INFOPLIST_KEY_UILaunchStoryboardName = LaunchScreen;
				INFOPLIST_KEY_UIMainStoryboardFile = Main;
				INFOPLIST_KEY_UISupportedInterfaceOrientations_iPad = "UIInterfaceOrientationPortrait UIInterfaceOrientationPortraitUpsideDown UIInterfaceOrientationLandscapeLeft UIInterfaceOrientationLandscapeRight";
				INFOPLIST_KEY_UISupportedInterfaceOrientations_iPhone = "UIInterfaceOrientationPortrait UIInterfaceOrientationLandscapeLeft UIInterfaceOrientationLandscapeRight";
				LD_RUNPATH_SEARCH_PATHS = (
					"$(inherited)",
					"@executable_path/Frameworks",
				);
				MARKETING_VERSION = 1.0;
				PRODUCT_BUNDLE_IDENTIFIER = com.example.CurrencyExchange;
				PRODUCT_NAME = "$(TARGET_NAME)";
				SWIFT_EMIT_LOC_STRINGS = YES;
				SWIFT_VERSION = 5.0;
				TARGETED_DEVICE_FAMILY = "1,2";
			};
			name = Release;
		};
/* End XCBuildConfiguration section */

/* Begin XCConfigurationList section */
		1D36231D0D0F684500981E51 /* Build configuration list for PBXProject "CurrencyExchange" */ = {
			isa = XCConfigurationList;
			buildConfigurations = (
				1D3623340D0F684500981E51 /* Debug */,
				1D3623350D0F684500981E51 /* Release */,
			);
			defaultConfigurationIsVisible = 0;
			defaultConfigurationName = Release;
		};
		1D3623360D0F684500981E51 /* Build configuration list for PBXNativeTarget "CurrencyExchange" */ = {
			isa = XCConfigurationList;
			buildConfigurations = (
				1D3623370D0F684500981E51 /* Debug */,
				1D3623380D0F684500981E51 /* Release */,
			);
			defaultConfigurationIsVisible = 0;
			defaultConfigurationName = Release;
		};
/* End XCConfigurationList section */
	};
	rootObject = 1D36231A0D0F684500981E51 /* Project object */;
}
